// !$*UTF8*$!
{
	archiveVersion = 1;
	classes = {
	};
	objectVersion = 46;
	objects = {

/* Begin PBXBuildFile section */
		2FA286D829AAF3D99D291B23 /* RNCyberSourceSDKModule.h in CopyFiles */ = {isa = PBXBuildFile; fileRef = 2FA2864B826924452CA186D5 /* RNCyberSourceSDKModule.h */; };
		2FA287CCA6B527EF0F4AD3C0 /* RNCyberSourceSDKModule.m in Sources */ = {isa = PBXBuildFile; fileRef = 2FA283B5C85892C044816F6D /* RNCyberSourceSDKModule.m */; };
/* End PBXBuildFile section */

/* Begin PBXCopyFilesBuildPhase section */
		2FA28CB7F279C2FB36A02E3F /* CopyFiles */ = {
			isa = PBXCopyFilesBuildPhase;
			buildActionMask = 2147483647;
			dstPath = "include/$(PRODUCT_NAME)";
			dstSubfolderSpec = 16;
			files = (
				2FA286D829AAF3D99D291B23 /* RNCyberSourceSDKModule.h in CopyFiles */,
			);
			runOnlyForDeploymentPostprocessing = 0;
		};
/* End PBXCopyFilesBuildPhase section */

/* Begin PBXFileReference section */
		2FA283B5C85892C044816F6D /* RNCyberSourceSDKModule.m */ = {isa = PBXFileReference; lastKnownFileType = sourcecode.c.objc; path = RNCyberSourceSDKModule.m; sourceTree = "<group>"; };
		2FA2864B826924452CA186D5 /* RNCyberSourceSDKModule.h */ = {isa = PBXFileReference; lastKnownFileType = sourcecode.c.h; path = RNCyberSourceSDKModule.h; sourceTree = "<group>"; };
		2FA28B0AFA2D1262EF148E63 /* libRNCyberSourceSDKModule.a */ = {isa = PBXFileReference; explicitFileType = archive.ar; includeInIndex = 0; path = libRNCyberSourceSDKModule.a; sourceTree = BUILT_PRODUCTS_DIR; };
/* End PBXFileReference section */

/* Begin PBXFrameworksBuildPhase section */
		2FA28579FDA084C766DE20EB /* Frameworks */ = {
			isa = PBXFrameworksBuildPhase;
			buildActionMask = 2147483647;
			files = (
			);
			runOnlyForDeploymentPostprocessing = 0;
		};
/* End PBXFrameworksBuildPhase section */

/* Begin PBXGroup section */
		2FA2831CA4E414FFA447F530 = {
			isa = PBXGroup;
			children = (
				2FA286DD12F52D7EF1E77141 /* Products */,
				2FA28899B646966C0F0A8919 /* RNCyberSourceSDKModule */,
			);
			sourceTree = "<group>";
		};
		2FA286DD12F52D7EF1E77141 /* Products */ = {
			isa = PBXGroup;
			children = (
				2FA28B0AFA2D1262EF148E63 /* libRNCyberSourceSDKModule.a */,
			);
			name = Products;
			sourceTree = "<group>";
		};
		2FA28899B646966C0F0A8919 /* RNCyberSourceSDKModule */ = {
			isa = PBXGroup;
			children = (
				2FA2864B826924452CA186D5 /* RNCyberSourceSDKModule.h */,
				2FA283B5C85892C044816F6D /* RNCyberSourceSDKModule.m */,
			);
			path = RNCyberSourceSDKModule;
			sourceTree = "<group>";
		};
/* End PBXGroup section */

/* Begin PBXNativeTarget section */
		2FA2803D668D7D828BCAC3B9 /* RNCyberSourceSDKModule */ = {
			isa = PBXNativeTarget;
			buildConfigurationList = 2FA28262098487F236AE0B82 /* Build configuration list for PBXNativeTarget "RNCyberSourceSDKModule" */;
			buildPhases = (
				2FA28E5C8BF213BB670FC7E7 /* Sources */,
				2FA28579FDA084C766DE20EB /* Frameworks */,
				2FA28CB7F279C2FB36A02E3F /* CopyFiles */,
				03D42B9C21B460DA00598941 /* Resources */,
			);
			buildRules = (
			);
			dependencies = (
			);
			name = RNCyberSourceSDKModule;
			productName = RNCyberSourceSDKModule;
			productReference = 2FA28B0AFA2D1262EF148E63 /* libRNCyberSourceSDKModule.a */;
			productType = "com.apple.product-type.library.static";
		};
/* End PBXNativeTarget section */

/* Begin PBXProject section */
		2FA287606F7DE7016332A80E /* Project object */ = {
			isa = PBXProject;
			attributes = {
				ORGANIZATIONNAME = MediaMonks;
			};
			buildConfigurationList = 2FA28395C4E92BAE6465901E /* Build configuration list for PBXProject "RNCyberSourceSDKModule" */;
			compatibilityVersion = "Xcode 3.2";
			developmentRegion = English;
			hasScannedForEncodings = 0;
			knownRegions = (
				en,
			);
			mainGroup = 2FA2831CA4E414FFA447F530;
			productRefGroup = 2FA286DD12F52D7EF1E77141 /* Products */;
			projectDirPath = "";
			projectRoot = "";
			targets = (
				2FA2803D668D7D828BCAC3B9 /* RNCyberSourceSDKModule */,
			);
		};
/* End PBXProject section */

/* Begin PBXResourcesBuildPhase section */
		03D42B9C21B460DA00598941 /* Resources */ = {
			isa = PBXResourcesBuildPhase;
			buildActionMask = 2147483647;
			files = (
			);
			runOnlyForDeploymentPostprocessing = 0;
		};
/* End PBXResourcesBuildPhase section */

/* Begin PBXSourcesBuildPhase section */
		2FA28E5C8BF213BB670FC7E7 /* Sources */ = {
			isa = PBXSourcesBuildPhase;
			buildActionMask = 2147483647;
			files = (
				2FA287CCA6B527EF0F4AD3C0 /* RNCyberSourceSDKModule.m in Sources */,
			);
			runOnlyForDeploymentPostprocessing = 0;
		};
/* End PBXSourcesBuildPhase section */

/* Begin XCBuildConfiguration section */
		2FA2803694B8284BE62C8529 /* Debug */ = {
			isa = XCBuildConfiguration;
			buildSettings = {
				ALWAYS_SEARCH_USER_PATHS = NO;
				CLANG_ANALYZER_NONNULL = YES;
				CLANG_ANALYZER_NUMBER_OBJECT_CONVERSION = YES_AGGRESSIVE;
				CLANG_CXX_LANGUAGE_STANDARD = "gnu++0x";
				CLANG_CXX_LIBRARY = "libc++";
				CLANG_ENABLE_MODULES = YES;
				CLANG_ENABLE_OBJC_ARC = YES;
				CLANG_WARN_BOOL_CONVERSION = YES;
				CLANG_WARN_CONSTANT_CONVERSION = YES;
				CLANG_WARN_DIRECT_OBJC_ISA_USAGE = YES_ERROR;
				CLANG_WARN_DOCUMENTATION_COMMENTS = YES;
				CLANG_WARN_EMPTY_BODY = YES;
				CLANG_WARN_ENUM_CONVERSION = YES;
				CLANG_WARN_INFINITE_RECURSION = YES;
				CLANG_WARN_INT_CONVERSION = YES;
				CLANG_WARN_OBJC_ROOT_CLASS = YES_ERROR;
				CLANG_WARN_SUSPICIOUS_MOVE = YES;
				CLANG_WARN_UNREACHABLE_CODE = YES;
				CLANG_WARN__DUPLICATE_METHOD_MATCH = YES;
				"CODE_SIGN_IDENTITY[sdk=iphoneos*]" = "iPhone Developer";
				COPY_PHASE_STRIP = NO;
				DEBUG_INFORMATION_FORMAT = dwarf;
				ENABLE_STRICT_OBJC_MSGSEND = YES;
				ENABLE_TESTABILITY = YES;
				FRAMEWORK_SEARCH_PATHS = "../../../ios/**";
				GCC_C_LANGUAGE_STANDARD = gnu99;
				GCC_DYNAMIC_NO_PIC = NO;
				GCC_NO_COMMON_BLOCKS = YES;
				GCC_OPTIMIZATION_LEVEL = 0;
				GCC_PREPROCESSOR_DEFINITIONS = (
					"DEBUG=1",
					"$(inherited)",
				);
				GCC_WARN_64_TO_32_BIT_CONVERSION = YES;
				GCC_WARN_ABOUT_RETURN_TYPE = YES_ERROR;
				GCC_WARN_UNDECLARED_SELECTOR = YES;
				GCC_WARN_UNINITIALIZED_AUTOS = YES_AGGRESSIVE;
				GCC_WARN_UNUSED_FUNCTION = YES;
				GCC_WARN_UNUSED_VARIABLE = YES;
				HEADER_SEARCH_PATHS = "$(SRCROOT)/../../../ios/**";
				IPHONEOS_DEPLOYMENT_TARGET = 10.3;
				MTL_ENABLE_DEBUG_INFO = YES;
				ONLY_ACTIVE_ARCH = YES;
				SDKROOT = iphoneos;
				VALID_ARCHS = "i386 armv7 x86_64 arm64";
			};
			name = Debug;
		};
		2FA280AF117ECD25DD36E3E5 /* Release */ = {
			isa = XCBuildConfiguration;
			buildSettings = {
				FRAMEWORK_SEARCH_PATHS = (
					"$(inherited)",
					"$(PROJECT_DIR)/Frameworks",
				);
				OTHER_LDFLAGS = "-ObjC";
				PRODUCT_NAME = "$(TARGET_NAME)";
				SKIP_INSTALL = YES;
			};
			name = Release;
		};
		2FA286909A189891D2FB003D /* Release */ = {
			isa = XCBuildConfiguration;
			buildSettings = {
				ALWAYS_SEARCH_USER_PATHS = NO;
				CLANG_ANALYZER_NONNULL = YES;
				CLANG_ANALYZER_NUMBER_OBJECT_CONVERSION = YES_AGGRESSIVE;
				CLANG_CXX_LANGUAGE_STANDARD = "gnu++0x";
				CLANG_CXX_LIBRARY = "libc++";
				CLANG_ENABLE_MODULES = YES;
				CLANG_ENABLE_OBJC_ARC = YES;
				CLANG_WARN_BOOL_CONVERSION = YES;
				CLANG_WARN_CONSTANT_CONVERSION = YES;
				CLANG_WARN_DIRECT_OBJC_ISA_USAGE = YES_ERROR;
				CLANG_WARN_DOCUMENTATION_COMMENTS = YES;
				CLANG_WARN_EMPTY_BODY = YES;
				CLANG_WARN_ENUM_CONVERSION = YES;
				CLANG_WARN_INFINITE_RECURSION = YES;
				CLANG_WARN_INT_CONVERSION = YES;
				CLANG_WARN_OBJC_ROOT_CLASS = YES_ERROR;
				CLANG_WARN_SUSPICIOUS_MOVE = YES;
				CLANG_WARN_UNREACHABLE_CODE = YES;
				CLANG_WARN__DUPLICATE_METHOD_MATCH = YES;
				"CODE_SIGN_IDENTITY[sdk=iphoneos*]" = "iPhone Developer";
				COPY_PHASE_STRIP = NO;
				DEBUG_INFORMATION_FORMAT = "dwarf-with-dsym";
				ENABLE_NS_ASSERTIONS = NO;
				ENABLE_STRICT_OBJC_MSGSEND = YES;
				FRAMEWORK_SEARCH_PATHS = "../../../ios/**";
				GCC_C_LANGUAGE_STANDARD = gnu99;
				GCC_NO_COMMON_BLOCKS = YES;
				GCC_WARN_64_TO_32_BIT_CONVERSION = YES;
				GCC_WARN_ABOUT_RETURN_TYPE = YES_ERROR;
				GCC_WARN_UNDECLARED_SELECTOR = YES;
				GCC_WARN_UNINITIALIZED_AUTOS = YES_AGGRESSIVE;
				GCC_WARN_UNUSED_FUNCTION = YES;
				GCC_WARN_UNUSED_VARIABLE = YES;
				HEADER_SEARCH_PATHS = "$(SRCROOT)/../../../ios/**";
				IPHONEOS_DEPLOYMENT_TARGET = 10.3;
				MTL_ENABLE_DEBUG_INFO = NO;
				SDKROOT = iphoneos;
				VALIDATE_PRODUCT = YES;
				VALID_ARCHS = "i386 armv7 x86_64 arm64";
			};
			name = Release;
		};
		2FA28844D736628803766601 /* Debug */ = {
			isa = XCBuildConfiguration;
			buildSettings = {
				FRAMEWORK_SEARCH_PATHS = (
					"$(inherited)",
					"$(PROJECT_DIR)/Frameworks",
				);
				OTHER_LDFLAGS = "-ObjC";
				PRODUCT_NAME = "$(TARGET_NAME)";
				SKIP_INSTALL = YES;
			};
			name = Debug;
		};
/* End XCBuildConfiguration section */

/* Begin XCConfigurationList section */
		2FA28262098487F236AE0B82 /* Build configuration list for PBXNativeTarget "RNCyberSourceSDKModule" */ = {
			isa = XCConfigurationList;
			buildConfigurations = (
				2FA28844D736628803766601 /* Debug */,
				2FA280AF117ECD25DD36E3E5 /* Release */,
			);
			defaultConfigurationIsVisible = 0;
			defaultConfigurationName = Release;
		};
		2FA28395C4E92BAE6465901E /* Build configuration list for PBXProject "RNCyberSourceSDKModule" */ = {
			isa = XCConfigurationList;
			buildConfigurations = (
				2FA2803694B8284BE62C8529 /* Debug */,
				2FA286909A189891D2FB003D /* Release */,
			);
			defaultConfigurationIsVisible = 0;
			defaultConfigurationName = Release;
		};
/* End XCConfigurationList section */
	};
	rootObject = 2FA287606F7DE7016332A80E /* Project object */;
}
